github.com/go-redis/redis v6.15.2+incompatible h1:9SpNVG76gr6InJGxoZ6IuuxaCOQwDAhzyXg+Bs+0Sb4=
github.com/go-redis/redis v6.15.2+incompatible/go.mod h1:NAIEuMOZ/fxfXJIrKDQDz8wamY7mA7PouImQ2Jvg6kA=
github.com/gorilla/mux v1.7.3 h1:gnP5JzjVOuiZD07fKKToCAOjS0yOpj/qPETTXCCS6hw=
github.com/gorilla/mux v1.7.3/go.mod h1:1lud6UwP+6orDFRuTfBEV8e9/aOM/c4fVVCaMa2zaAs=
github.com/justinas/alice v0.0.0-20171023064455-03f45bd4b7da h1:5y58+OCjoHCYB8182mpf/dEsq0vwTKPOo4zGfH0xW9A=
github.com/justinas/alice v0.0.0-20171023064455-03f45bd4b7da/go.mod h1:oLH0CmIaxCGXD67VKGR5AacGXZSMznlmeqM8RzPrcY8=
github.com/mattheath/base62 v0.0.0-20150408093626-b80cdc656a7a h1:rnrxZue85aKdMU4nJ50GgKA31lCaVbft+7Xl8OXj55U=
github.com/mattheath/base62 v0.0.0-20150408093626-b80cdc656a7a/go.mod h1:hJJYoBMTZIONmUEpX3+9v2057zuRM0n3n77U4Ob4wE4=
github.com/speps/go-hashids v2.0.0+incompatible h1:kSfxGfESueJKTx0mpER9Y/1XHl+FVQjtCqRyYcviFbw=
github.com/speps/go-hashids v2.0.0+incompatible/go.mod h1:P7hqPzMdnZOfyIk+xrlG1QaSMw+gCBdHKsBDnhpaZvc=
gopkg.in/validator.v2 v2.0.0-20180514200540-135c24b11c19 h1:WB265cn5OpO+hK3pikC9hpP1zI/KTwmyMFKloW9eOVc=
gopkg.in/validator.v2 v2.0.0-20180514200540-135c24b11c19/go.mod h1:o4V0GXN9/CAmCsvJ0oXYZvrZOe7syiDZSN1GWGZTGzc=
